<Solution>
  <Folder Name="/Solution Items/">
    <File Path=".editorconfig" />
    <File Path=".gitignore" />
  </Folder>
  <Project Path="Playground.AppHost/Playground.AppHost.csproj" Id="25c5861d-1597-4b94-b30c-3ec6f3f176d9" />
  <Project Path="Playground.ServiceDefaults/Playground.ServiceDefaults.csproj" />
  <Project Path="Playground/Playground.csproj" />
</Solution>
