<Solution>
  <Folder Name="/Solution Items/">
    <File Path=".editorconfig" />
    <File Path=".gitignore" />
    <File Path="global.json" />
  </Folder>
  <Project Path="Playground.AppHost/Playground.AppHost.csproj" Id="c674a88b-b603-4899-8321-48b32148f061" />
  <Project Path="Playground.ServiceDefaults/Playground.ServiceDefaults.csproj" />
  <Project Path="Playground/Playground.csproj" />
</Solution>
